{
  "name": "envimaps.id",
  "version": "1.0.0",
  "lockfileVersion": 1,
  "requires": true,
  "dependencies": {
    "brain": {
      "version": "1.0.0",
      "resolved": "https://registry.npmjs.org/brain/-/brain-1.0.0.tgz",
      "integrity": "sha512-0+IzJ2IRefmRFe6wF3zn/Btu6+8Z2pYsTmWISwssDEwP8A0FUJPzGrAVICKs4+1jSghxTzt95BXZjD3o5fr2sQ=="
    },
    "vue": {
      "version": "2.6.10",
      "resolved": "https://registry.npmjs.org/vue/-/vue-2.6.10.tgz",
      "integrity": "sha512-ImThpeNU9HbdZL3utgMCq0oiMzAkt1mcgy3/E6zWC/G6AaQoeuFdsl9nDhTDU3X1R6FK7nsIUuRACVcjI+A2GQ=="
    },
    "vue-axios": {
      "version": "2.1.4",
      "resolved": "https://registry.npmjs.org/vue-axios/-/vue-axios-2.1.4.tgz",
      "integrity": "sha512-DS8Q+WFT3i7nS0aZ/NMmTPf2yhbtlXhj4QEZmY69au/BshsGzGjC6dXaniZaPQlErP3J3Sv1HtQ4RVrXaUTkxA=="
    }
  }
}
